
Microsoft Visual Studio Solution File, Format Version 12.00
# Visual Studio Version 16
VisualStudioVersion = 16.0.29201.188
MinimumVisualStudioVersion = 10.0.40219.1
Project("{FAE04EC0-301F-11D3-BF4B-00C04F79EFBC}") = "RouletteMVC", "RouletteMVC.csproj", "{72C635CF-C886-4240-AC64-3A88A23F8534}"
EndProject
Global
	GlobalSection(SolutionConfigurationPlatforms) = preSolution
		Debug|Any CPU = Debug|Any CPU
		Release|Any CPU = Release|Any CPU
	EndGlobalSection
	GlobalSection(ProjectConfigurationPlatforms) = postSolution
		{72C635CF-C886-4240-AC64-3A88A23F8534}.Debug|Any CPU.ActiveCfg = Debug|Any CPU
		{72C635CF-C886-4240-AC64-3A88A23F8534}.Debug|Any CPU.Build.0 = Debug|Any CPU
		{72C635CF-C886-4240-AC64-3A88A23F8534}.Release|Any CPU.ActiveCfg = Release|Any CPU
		{72C635CF-C886-4240-AC64-3A88A23F8534}.Release|Any CPU.Build.0 = Release|Any CPU
	EndGlobalSection
	GlobalSection(SolutionProperties) = preSolution
		HideSolutionNode = FALSE
	EndGlobalSection
	GlobalSection(ExtensibilityGlobals) = postSolution
		SolutionGuid = {FCB04A39-3F7A-45FB-AA82-685A40F2F890}
	EndGlobalSection
EndGlobal
